
Microsoft Visual Studio Solution File, Format Version 12.00
# Visual Studio Version 17
VisualStudioVersion = 17.7.34221.43
MinimumVisualStudioVersion = 10.0.40219.1
Project("{FAE04EC0-301F-11D3-BF4B-00C04F79EFBC}") = "GIK299_L3", "GIK299_L3\GIK299_L3.csproj", "{1BCE294B-7490-462D-A3FD-280B39AE4178}"
EndProject
Global
	GlobalSection(SolutionConfigurationPlatforms) = preSolution
		Debug|Any CPU = Debug|Any CPU
		Release|Any CPU = Release|Any CPU
	EndGlobalSection
	GlobalSection(ProjectConfigurationPlatforms) = postSolution
		{1BCE294B-7490-462D-A3FD-280B39AE4178}.Debug|Any CPU.ActiveCfg = Debug|Any CPU
		{1BCE294B-7490-462D-A3FD-280B39AE4178}.Debug|Any CPU.Build.0 = Debug|Any CPU
		{1BCE294B-7490-462D-A3FD-280B39AE4178}.Release|Any CPU.ActiveCfg = Release|Any CPU
		{1BCE294B-7490-462D-A3FD-280B39AE4178}.Release|Any CPU.Build.0 = Release|Any CPU
	EndGlobalSection
	GlobalSection(SolutionProperties) = preSolution
		HideSolutionNode = FALSE
	EndGlobalSection
	GlobalSection(ExtensibilityGlobals) = postSolution
		SolutionGuid = {434DDDB3-D2BA-4EEF-B268-1BA46F3B8E99}
	EndGlobalSection
EndGlobal
